// !$*UTF8*$!
{
	archiveVersion = 1;
	classes = {
	};
	objectVersion = 56;
	objects = {

/* Begin PBXBuildFile section */
		76A4A083291C1C71001B7A12 /* Generate_Image_Variations_ExampleApp.swift in Sources */ = {isa = PBXBuildFile; fileRef = 76A4A082291C1C71001B7A12 /* Generate_Image_Variations_ExampleApp.swift */; };
		76A4A085291C1C71001B7A12 /* ContentView.swift in Sources */ = {isa = PBXBuildFile; fileRef = 76A4A084291C1C71001B7A12 /* ContentView.swift */; };
		76A4A087291C1C73001B7A12 /* Assets.xcassets in Resources */ = {isa = PBXBuildFile; fileRef = 76A4A086291C1C73001B7A12 /* Assets.xcassets */; };
		76A4A08A291C1C73001B7A12 /* Preview Assets.xcassets in Resources */ = {isa = PBXBuildFile; fileRef = 76A4A089291C1C73001B7A12 /* Preview Assets.xcassets */; };
		76A4A093291C1C87001B7A12 /* OpenAIKit in Frameworks */ = {isa = PBXBuildFile; productRef = 76A4A092291C1C87001B7A12 /* OpenAIKit */; };
		76A4A095291C2069001B7A12 /* image.png in Resources */ = {isa = PBXBuildFile; fileRef = 76A4A094291C2069001B7A12 /* image.png */; };
/* End PBXBuildFile section */

/* Begin PBXFileReference section */
		76A4A07F291C1C71001B7A12 /* Generate Image Variations Example.app */ = {isa = PBXFileReference; explicitFileType = wrapper.application; includeInIndex = 0; path = "Generate Image Variations Example.app"; sourceTree = BUILT_PRODUCTS_DIR; };
		76A4A082291C1C71001B7A12 /* Generate_Image_Variations_ExampleApp.swift */ = {isa = PBXFileReference; lastKnownFileType = sourcecode.swift; path = Generate_Image_Variations_ExampleApp.swift; sourceTree = "<group>"; };
		76A4A084291C1C71001B7A12 /* ContentView.swift */ = {isa = PBXFileReference; lastKnownFileType = sourcecode.swift; path = ContentView.swift; sourceTree = "<group>"; };
		76A4A086291C1C73001B7A12 /* Assets.xcassets */ = {isa = PBXFileReference; lastKnownFileType = folder.assetcatalog; path = Assets.xcassets; sourceTree = "<group>"; };
		76A4A089291C1C73001B7A12 /* Preview Assets.xcassets */ = {isa = PBXFileReference; lastKnownFileType = folder.assetcatalog; path = "Preview Assets.xcassets"; sourceTree = "<group>"; };
		76A4A091291C1C80001B7A12 /* OpenAIKit */ = {isa = PBXFileReference; lastKnownFileType = wrapper; name = OpenAIKit; path = ../..; sourceTree = "<group>"; };
		76A4A094291C2069001B7A12 /* image.png */ = {isa = PBXFileReference; lastKnownFileType = image.png; path = image.png; sourceTree = "<group>"; };
/* End PBXFileReference section */

/* Begin PBXFrameworksBuildPhase section */
		76A4A07C291C1C71001B7A12 /* Frameworks */ = {
			isa = PBXFrameworksBuildPhase;
			buildActionMask = 2147483647;
			files = (
				76A4A093291C1C87001B7A12 /* OpenAIKit in Frameworks */,
			);
			runOnlyForDeploymentPostprocessing = 0;
		};
/* End PBXFrameworksBuildPhase section */

/* Begin PBXGroup section */
		76A4A076291C1C71001B7A12 = {
			isa = PBXGroup;
			children = (
				76A4A081291C1C71001B7A12 /* Generate Image Variations Example */,
				76A4A080291C1C71001B7A12 /* Products */,
				76A4A090291C1C80001B7A12 /* Frameworks */,
			);
			sourceTree = "<group>";
		};
		76A4A080291C1C71001B7A12 /* Products */ = {
			isa = PBXGroup;
			children = (
				76A4A07F291C1C71001B7A12 /* Generate Image Variations Example.app */,
			);
			name = Products;
			sourceTree = "<group>";
		};
		76A4A081291C1C71001B7A12 /* Generate Image Variations Example */ = {
			isa = PBXGroup;
			children = (
				76A4A096291C206D001B7A12 /* Images */,
				76A4A082291C1C71001B7A12 /* Generate_Image_Variations_ExampleApp.swift */,
				76A4A084291C1C71001B7A12 /* ContentView.swift */,
				76A4A086291C1C73001B7A12 /* Assets.xcassets */,
				76A4A088291C1C73001B7A12 /* Preview Content */,
			);
			path = "Generate Image Variations Example";
			sourceTree = "<group>";
		};
		76A4A088291C1C73001B7A12 /* Preview Content */ = {
			isa = PBXGroup;
			children = (
				76A4A089291C1C73001B7A12 /* Preview Assets.xcassets */,
			);
			path = "Preview Content";
			sourceTree = "<group>";
		};
		76A4A090291C1C80001B7A12 /* Frameworks */ = {
			isa = PBXGroup;
			children = (
				76A4A091291C1C80001B7A12 /* OpenAIKit */,
			);
			name = Frameworks;
			sourceTree = "<group>";
		};
		76A4A096291C206D001B7A12 /* Images */ = {
			isa = PBXGroup;
			children = (
				76A4A094291C2069001B7A12 /* image.png */,
			);
			path = Images;
			sourceTree = "<group>";
		};
/* End PBXGroup section */

/* Begin PBXNativeTarget section */
		76A4A07E291C1C71001B7A12 /* Generate Image Variations Example */ = {
			isa = PBXNativeTarget;
			buildConfigurationList = 76A4A08D291C1C73001B7A12 /* Build configuration list for PBXNativeTarget "Generate Image Variations Example" */;
			buildPhases = (
				76A4A07B291C1C71001B7A12 /* Sources */,
				76A4A07C291C1C71001B7A12 /* Frameworks */,
				76A4A07D291C1C71001B7A12 /* Resources */,
			);
			buildRules = (
			);
			dependencies = (
			);
			name = "Generate Image Variations Example";
			packageProductDependencies = (
				76A4A092291C1C87001B7A12 /* OpenAIKit */,
			);
			productName = "Generate Image Variations Example";
			productReference = 76A4A07F291C1C71001B7A12 /* Generate Image Variations Example.app */;
			productType = "com.apple.product-type.application";
		};
/* End PBXNativeTarget section */

/* Begin PBXProject section */
		76A4A077291C1C71001B7A12 /* Project object */ = {
			isa = PBXProject;
			attributes = {
				BuildIndependentTargetsInParallel = 1;
				LastSwiftUpdateCheck = 1410;
				LastUpgradeCheck = 1410;
				TargetAttributes = {
					76A4A07E291C1C71001B7A12 = {
						CreatedOnToolsVersion = 14.1;
					};
				};
			};
			buildConfigurationList = 76A4A07A291C1C71001B7A12 /* Build configuration list for PBXProject "Generate Image Variations Example" */;
			compatibilityVersion = "Xcode 14.0";
			developmentRegion = en;
			hasScannedForEncodings = 0;
			knownRegions = (
				en,
				Base,
			);
			mainGroup = 76A4A076291C1C71001B7A12;
			productRefGroup = 76A4A080291C1C71001B7A12 /* Products */;
			projectDirPath = "";
			projectRoot = "";
			targets = (
				76A4A07E291C1C71001B7A12 /* Generate Image Variations Example */,
			);
		};
/* End PBXProject section */

/* Begin PBXResourcesBuildPhase section */
		76A4A07D291C1C71001B7A12 /* Resources */ = {
			isa = PBXResourcesBuildPhase;
			buildActionMask = 2147483647;
			files = (
				76A4A08A291C1C73001B7A12 /* Preview Assets.xcassets in Resources */,
				76A4A087291C1C73001B7A12 /* Assets.xcassets in Resources */,
				76A4A095291C2069001B7A12 /* image.png in Resources */,
			);
			runOnlyForDeploymentPostprocessing = 0;
		};
/* End PBXResourcesBuildPhase section */

/* Begin PBXSourcesBuildPhase section */
		76A4A07B291C1C71001B7A12 /* Sources */ = {
			isa = PBXSourcesBuildPhase;
			buildActionMask = 2147483647;
			files = (
				76A4A085291C1C71001B7A12 /* ContentView.swift in Sources */,
				76A4A083291C1C71001B7A12 /* Generate_Image_Variations_ExampleApp.swift in Sources */,
			);
			runOnlyForDeploymentPostprocessing = 0;
		};
/* End PBXSourcesBuildPhase section */

/* Begin XCBuildConfiguration section */
		76A4A08B291C1C73001B7A12 /* Debug */ = {
			isa = XCBuildConfiguration;
			buildSettings = {
				ALWAYS_SEARCH_USER_PATHS = NO;
				CLANG_ANALYZER_NONNULL = YES;
				CLANG_ANALYZER_NUMBER_OBJECT_CONVERSION = YES_AGGRESSIVE;
				CLANG_CXX_LANGUAGE_STANDARD = "gnu++20";
				CLANG_ENABLE_MODULES = YES;
				CLANG_ENABLE_OBJC_ARC = YES;
				CLANG_ENABLE_OBJC_WEAK = YES;
				CLANG_WARN_BLOCK_CAPTURE_AUTORELEASING = YES;
				CLANG_WARN_BOOL_CONVERSION = YES;
				CLANG_WARN_COMMA = YES;
				CLANG_WARN_CONSTANT_CONVERSION = YES;
				CLANG_WARN_DEPRECATED_OBJC_IMPLEMENTATIONS = YES;
				CLANG_WARN_DIRECT_OBJC_ISA_USAGE = YES_ERROR;
				CLANG_WARN_DOCUMENTATION_COMMENTS = YES;
				CLANG_WARN_EMPTY_BODY = YES;
				CLANG_WARN_ENUM_CONVERSION = YES;
				CLANG_WARN_INFINITE_RECURSION = YES;
				CLANG_WARN_INT_CONVERSION = YES;
				CLANG_WARN_NON_LITERAL_NULL_CONVERSION = YES;
				CLANG_WARN_OBJC_IMPLICIT_RETAIN_SELF = YES;
				CLANG_WARN_OBJC_LITERAL_CONVERSION = YES;
				CLANG_WARN_OBJC_ROOT_CLASS = YES_ERROR;
				CLANG_WARN_QUOTED_INCLUDE_IN_FRAMEWORK_HEADER = YES;
				CLANG_WARN_RANGE_LOOP_ANALYSIS = YES;
				CLANG_WARN_STRICT_PROTOTYPES = YES;
				CLANG_WARN_SUSPICIOUS_MOVE = YES;
				CLANG_WARN_UNGUARDED_AVAILABILITY = YES_AGGRESSIVE;
				CLANG_WARN_UNREACHABLE_CODE = YES;
				CLANG_WARN__DUPLICATE_METHOD_MATCH = YES;
				COPY_PHASE_STRIP = NO;
				DEBUG_INFORMATION_FORMAT = dwarf;
				ENABLE_STRICT_OBJC_MSGSEND = YES;
				ENABLE_TESTABILITY = YES;
				GCC_C_LANGUAGE_STANDARD = gnu11;
				GCC_DYNAMIC_NO_PIC = NO;
				GCC_NO_COMMON_BLOCKS = YES;
				GCC_OPTIMIZATION_LEVEL = 0;
				GCC_PREPROCESSOR_DEFINITIONS = (
					"DEBUG=1",
					"$(inherited)",
				);
				GCC_WARN_64_TO_32_BIT_CONVERSION = YES;
				GCC_WARN_ABOUT_RETURN_TYPE = YES_ERROR;
				GCC_WARN_UNDECLARED_SELECTOR = YES;
				GCC_WARN_UNINITIALIZED_AUTOS = YES_AGGRESSIVE;
				GCC_WARN_UNUSED_FUNCTION = YES;
				GCC_WARN_UNUSED_VARIABLE = YES;
				IPHONEOS_DEPLOYMENT_TARGET = 16.1;
				MTL_ENABLE_DEBUG_INFO = INCLUDE_SOURCE;
				MTL_FAST_MATH = YES;
				ONLY_ACTIVE_ARCH = YES;
				SDKROOT = iphoneos;
				SWIFT_ACTIVE_COMPILATION_CONDITIONS = DEBUG;
				SWIFT_OPTIMIZATION_LEVEL = "-Onone";
			};
			name = Debug;
		};
		76A4A08C291C1C73001B7A12 /* Release */ = {
			isa = XCBuildConfiguration;
			buildSettings = {
				ALWAYS_SEARCH_USER_PATHS = NO;
				CLANG_ANALYZER_NONNULL = YES;
				CLANG_ANALYZER_NUMBER_OBJECT_CONVERSION = YES_AGGRESSIVE;
				CLANG_CXX_LANGUAGE_STANDARD = "gnu++20";
				CLANG_ENABLE_MODULES = YES;
				CLANG_ENABLE_OBJC_ARC = YES;
				CLANG_ENABLE_OBJC_WEAK = YES;
				CLANG_WARN_BLOCK_CAPTURE_AUTORELEASING = YES;
				CLANG_WARN_BOOL_CONVERSION = YES;
				CLANG_WARN_COMMA = YES;
				CLANG_WARN_CONSTANT_CONVERSION = YES;
				CLANG_WARN_DEPRECATED_OBJC_IMPLEMENTATIONS = YES;
				CLANG_WARN_DIRECT_OBJC_ISA_USAGE = YES_ERROR;
				CLANG_WARN_DOCUMENTATION_COMMENTS = YES;
				CLANG_WARN_EMPTY_BODY = YES;
				CLANG_WARN_ENUM_CONVERSION = YES;
				CLANG_WARN_INFINITE_RECURSION = YES;
				CLANG_WARN_INT_CONVERSION = YES;
				CLANG_WARN_NON_LITERAL_NULL_CONVERSION = YES;
				CLANG_WARN_OBJC_IMPLICIT_RETAIN_SELF = YES;
				CLANG_WARN_OBJC_LITERAL_CONVERSION = YES;
				CLANG_WARN_OBJC_ROOT_CLASS = YES_ERROR;
				CLANG_WARN_QUOTED_INCLUDE_IN_FRAMEWORK_HEADER = YES;
				CLANG_WARN_RANGE_LOOP_ANALYSIS = YES;
				CLANG_WARN_STRICT_PROTOTYPES = YES;
				CLANG_WARN_SUSPICIOUS_MOVE = YES;
				CLANG_WARN_UNGUARDED_AVAILABILITY = YES_AGGRESSIVE;
				CLANG_WARN_UNREACHABLE_CODE = YES;
				CLANG_WARN__DUPLICATE_METHOD_MATCH = YES;
				COPY_PHASE_STRIP = NO;
				DEBUG_INFORMATION_FORMAT = "dwarf-with-dsym";
				ENABLE_NS_ASSERTIONS = NO;
				ENABLE_STRICT_OBJC_MSGSEND = YES;
				GCC_C_LANGUAGE_STANDARD = gnu11;
				GCC_NO_COMMON_BLOCKS = YES;
				GCC_WARN_64_TO_32_BIT_CONVERSION = YES;
				GCC_WARN_ABOUT_RETURN_TYPE = YES_ERROR;
				GCC_WARN_UNDECLARED_SELECTOR = YES;
				GCC_WARN_UNINITIALIZED_AUTOS = YES_AGGRESSIVE;
				GCC_WARN_UNUSED_FUNCTION = YES;
				GCC_WARN_UNUSED_VARIABLE = YES;
				IPHONEOS_DEPLOYMENT_TARGET = 16.1;
				MTL_ENABLE_DEBUG_INFO = NO;
				MTL_FAST_MATH = YES;
				SDKROOT = iphoneos;
				SWIFT_COMPILATION_MODE = wholemodule;
				SWIFT_OPTIMIZATION_LEVEL = "-O";
				VALIDATE_PRODUCT = YES;
			};
			name = Release;
		};
		76A4A08E291C1C73001B7A12 /* Debug */ = {
			isa = XCBuildConfiguration;
			buildSettings = {
				ASSETCATALOG_COMPILER_APPICON_NAME = AppIcon;
				ASSETCATALOG_COMPILER_GLOBAL_ACCENT_COLOR_NAME = AccentColor;
				CODE_SIGN_STYLE = Automatic;
				CURRENT_PROJECT_VERSION = 1;
				DEVELOPMENT_ASSET_PATHS = "\"Generate Image Variations Example/Preview Content\"";
				DEVELOPMENT_TEAM = 8GNE6ML5WX;
				ENABLE_PREVIEWS = YES;
				GENERATE_INFOPLIST_FILE = YES;
				INFOPLIST_KEY_UIApplicationSceneManifest_Generation = YES;
				INFOPLIST_KEY_UIApplicationSupportsIndirectInputEvents = YES;
				INFOPLIST_KEY_UILaunchScreen_Generation = YES;
				INFOPLIST_KEY_UISupportedInterfaceOrientations_iPad = "UIInterfaceOrientationPortrait UIInterfaceOrientationPortraitUpsideDown UIInterfaceOrientationLandscapeLeft UIInterfaceOrientationLandscapeRight";
				INFOPLIST_KEY_UISupportedInterfaceOrientations_iPhone = "UIInterfaceOrientationPortrait UIInterfaceOrientationLandscapeLeft UIInterfaceOrientationLandscapeRight";
				LD_RUNPATH_SEARCH_PATHS = (
					"$(inherited)",
					"@executable_path/Frameworks",
				);
				MARKETING_VERSION = 1.0;
				PRODUCT_BUNDLE_IDENTIFIER = "com.MarcoDotIO.Generate-Image-Variations-Example";
				PRODUCT_NAME = "$(TARGET_NAME)";
				SWIFT_EMIT_LOC_STRINGS = YES;
				SWIFT_VERSION = 5.0;
				TARGETED_DEVICE_FAMILY = "1,2";
			};
			name = Debug;
		};
		76A4A08F291C1C73001B7A12 /* Release */ = {
			isa = XCBuildConfiguration;
			buildSettings = {
				ASSETCATALOG_COMPILER_APPICON_NAME = AppIcon;
				ASSETCATALOG_COMPILER_GLOBAL_ACCENT_COLOR_NAME = AccentColor;
				CODE_SIGN_STYLE = Automatic;
				CURRENT_PROJECT_VERSION = 1;
				DEVELOPMENT_ASSET_PATHS = "\"Generate Image Variations Example/Preview Content\"";
				DEVELOPMENT_TEAM = 8GNE6ML5WX;
				ENABLE_PREVIEWS = YES;
				GENERATE_INFOPLIST_FILE = YES;
				INFOPLIST_KEY_UIApplicationSceneManifest_Generation = YES;
				INFOPLIST_KEY_UIApplicationSupportsIndirectInputEvents = YES;
				INFOPLIST_KEY_UILaunchScreen_Generation = YES;
				INFOPLIST_KEY_UISupportedInterfaceOrientations_iPad = "UIInterfaceOrientationPortrait UIInterfaceOrientationPortraitUpsideDown UIInterfaceOrientationLandscapeLeft UIInterfaceOrientationLandscapeRight";
				INFOPLIST_KEY_UISupportedInterfaceOrientations_iPhone = "UIInterfaceOrientationPortrait UIInterfaceOrientationLandscapeLeft UIInterfaceOrientationLandscapeRight";
				LD_RUNPATH_SEARCH_PATHS = (
					"$(inherited)",
					"@executable_path/Frameworks",
				);
				MARKETING_VERSION = 1.0;
				PRODUCT_BUNDLE_IDENTIFIER = "com.MarcoDotIO.Generate-Image-Variations-Example";
				PRODUCT_NAME = "$(TARGET_NAME)";
				SWIFT_EMIT_LOC_STRINGS = YES;
				SWIFT_VERSION = 5.0;
				TARGETED_DEVICE_FAMILY = "1,2";
			};
			name = Release;
		};
/* End XCBuildConfiguration section */

/* Begin XCConfigurationList section */
		76A4A07A291C1C71001B7A12 /* Build configuration list for PBXProject "Generate Image Variations Example" */ = {
			isa = XCConfigurationList;
			buildConfigurations = (
				76A4A08B291C1C73001B7A12 /* Debug */,
				76A4A08C291C1C73001B7A12 /* Release */,
			);
			defaultConfigurationIsVisible = 0;
			defaultConfigurationName = Release;
		};
		76A4A08D291C1C73001B7A12 /* Build configuration list for PBXNativeTarget "Generate Image Variations Example" */ = {
			isa = XCConfigurationList;
			buildConfigurations = (
				76A4A08E291C1C73001B7A12 /* Debug */,
				76A4A08F291C1C73001B7A12 /* Release */,
			);
			defaultConfigurationIsVisible = 0;
			defaultConfigurationName = Release;
		};
/* End XCConfigurationList section */

/* Begin XCSwiftPackageProductDependency section */
		76A4A092291C1C87001B7A12 /* OpenAIKit */ = {
			isa = XCSwiftPackageProductDependency;
			productName = OpenAIKit;
		};
/* End XCSwiftPackageProductDependency section */
	};
	rootObject = 76A4A077291C1C71001B7A12 /* Project object */;
}
